
Microsoft Visual Studio Solution File, Format Version 12.00
# Visual Studio Version 16
VisualStudioVersion = 16.0.33027.164
MinimumVisualStudioVersion = 10.0.40219.1
Project("{8BC9CEB8-8B4A-11D0-8D11-00A0C91BC942}") = "event", "event\event.vcxproj", "{C5CAC0C1-351D-48F3-9886-50BDBF774E62}"
EndProject
Project("{8BC9CEB8-8B4A-11D0-8D11-00A0C91BC942}") = "filemapping", "filemapping\filemapping.vcxproj", "{87BC7323-FE88-4821-B96D-C7A2F8995AE8}"
EndProject
Project("{8BC9CEB8-8B4A-11D0-8D11-00A0C91BC942}") = "namedpipe", "namedpipe\namedpipe.vcxproj", "{32AE6805-79A2-4644-85E8-3AE36668880E}"
EndProject
Global
	GlobalSection(SolutionConfigurationPlatforms) = preSolution
		Debug|x64 = Debug|x64
		Debug|x86 = Debug|x86
		Release|x64 = Release|x64
		Release|x86 = Release|x86
	EndGlobalSection
	GlobalSection(ProjectConfigurationPlatforms) = postSolution
		{C5CAC0C1-351D-48F3-9886-50BDBF774E62}.Debug|x64.ActiveCfg = Debug|x64
		{C5CAC0C1-351D-48F3-9886-50BDBF774E62}.Debug|x64.Build.0 = Debug|x64
		{C5CAC0C1-351D-48F3-9886-50BDBF774E62}.Debug|x86.ActiveCfg = Debug|Win32
		{C5CAC0C1-351D-48F3-9886-50BDBF774E62}.Debug|x86.Build.0 = Debug|Win32
		{C5CAC0C1-351D-48F3-9886-50BDBF774E62}.Release|x64.ActiveCfg = Release|x64
		{C5CAC0C1-351D-48F3-9886-50BDBF774E62}.Release|x64.Build.0 = Release|x64
		{C5CAC0C1-351D-48F3-9886-50BDBF774E62}.Release|x86.ActiveCfg = Release|Win32
		{C5CAC0C1-351D-48F3-9886-50BDBF774E62}.Release|x86.Build.0 = Release|Win32
		{87BC7323-FE88-4821-B96D-C7A2F8995AE8}.Debug|x64.ActiveCfg = Debug|x64
		{87BC7323-FE88-4821-B96D-C7A2F8995AE8}.Debug|x64.Build.0 = Debug|x64
		{87BC7323-FE88-4821-B96D-C7A2F8995AE8}.Debug|x86.ActiveCfg = Debug|Win32
		{87BC7323-FE88-4821-B96D-C7A2F8995AE8}.Debug|x86.Build.0 = Debug|Win32
		{87BC7323-FE88-4821-B96D-C7A2F8995AE8}.Release|x64.ActiveCfg = Release|x64
		{87BC7323-FE88-4821-B96D-C7A2F8995AE8}.Release|x64.Build.0 = Release|x64
		{87BC7323-FE88-4821-B96D-C7A2F8995AE8}.Release|x86.ActiveCfg = Release|Win32
		{87BC7323-FE88-4821-B96D-C7A2F8995AE8}.Release|x86.Build.0 = Release|Win32
		{32AE6805-79A2-4644-85E8-3AE36668880E}.Debug|x64.ActiveCfg = Debug|x64
		{32AE6805-79A2-4644-85E8-3AE36668880E}.Debug|x64.Build.0 = Debug|x64
		{32AE6805-79A2-4644-85E8-3AE36668880E}.Debug|x86.ActiveCfg = Debug|Win32
		{32AE6805-79A2-4644-85E8-3AE36668880E}.Debug|x86.Build.0 = Debug|Win32
		{32AE6805-79A2-4644-85E8-3AE36668880E}.Release|x64.ActiveCfg = Release|x64
		{32AE6805-79A2-4644-85E8-3AE36668880E}.Release|x64.Build.0 = Release|x64
		{32AE6805-79A2-4644-85E8-3AE36668880E}.Release|x86.ActiveCfg = Release|Win32
		{32AE6805-79A2-4644-85E8-3AE36668880E}.Release|x86.Build.0 = Release|Win32
	EndGlobalSection
	GlobalSection(SolutionProperties) = preSolution
		HideSolutionNode = FALSE
	EndGlobalSection
	GlobalSection(ExtensibilityGlobals) = postSolution
		SolutionGuid = {D4060047-0387-4850-8F94-9B284B280EDE}
	EndGlobalSection
EndGlobal
